// !$*UTF8*$!
{
	archiveVersion = 1;
	classes = {
	};
	objectVersion = 46;
	objects = {

/* Begin PBXBuildFile section */
		771D273A1AB20B91008B2034 /* PostViewController.swift in Sources */ = {isa = PBXBuildFile; fileRef = 771D27391AB20B91008B2034 /* PostViewController.swift */; };
		772D690E1C2B161A00AA924C /* Bolts.framework in Frameworks */ = {isa = PBXBuildFile; fileRef = 772D69081C2B161A00AA924C /* Bolts.framework */; };
		772D690F1C2B161B00AA924C /* Parse.framework in Frameworks */ = {isa = PBXBuildFile; fileRef = 772D69091C2B161A00AA924C /* Parse.framework */; };
		772D69101C2B161B00AA924C /* ParseFacebookUtils.framework in Frameworks */ = {isa = PBXBuildFile; fileRef = 772D690A1C2B161A00AA924C /* ParseFacebookUtils.framework */; };
		772D69111C2B161B00AA924C /* ParseFacebookUtilsV4.framework in Frameworks */ = {isa = PBXBuildFile; fileRef = 772D690B1C2B161A00AA924C /* ParseFacebookUtilsV4.framework */; };
		772D69121C2B161B00AA924C /* ParseTwitterUtils.framework in Frameworks */ = {isa = PBXBuildFile; fileRef = 772D690C1C2B161A00AA924C /* ParseTwitterUtils.framework */; };
		772D69131C2B161B00AA924C /* ParseUI.framework in Frameworks */ = {isa = PBXBuildFile; fileRef = 772D690D1C2B161A00AA924C /* ParseUI.framework */; };
		772D69171C2B168E00AA924C /* AudioToolbox.framework in Frameworks */ = {isa = PBXBuildFile; fileRef = 772D69161C2B168E00AA924C /* AudioToolbox.framework */; };
		772D69191C2B169500AA924C /* CFNetwork.framework in Frameworks */ = {isa = PBXBuildFile; fileRef = 772D69181C2B169500AA924C /* CFNetwork.framework */; };
		772D691B1C2B169C00AA924C /* CoreGraphics.framework in Frameworks */ = {isa = PBXBuildFile; fileRef = 772D691A1C2B169C00AA924C /* CoreGraphics.framework */; };
		772D691D1C2B16A300AA924C /* CoreLocation.framework in Frameworks */ = {isa = PBXBuildFile; fileRef = 772D691C1C2B16A300AA924C /* CoreLocation.framework */; };
		772D691F1C2B16AC00AA924C /* QuartzCore.framework in Frameworks */ = {isa = PBXBuildFile; fileRef = 772D691E1C2B16AC00AA924C /* QuartzCore.framework */; };
		772D69211C2B16B300AA924C /* Security.framework in Frameworks */ = {isa = PBXBuildFile; fileRef = 772D69201C2B16B300AA924C /* Security.framework */; };
		772D69231C2B16BB00AA924C /* StoreKit.framework in Frameworks */ = {isa = PBXBuildFile; fileRef = 772D69221C2B16BB00AA924C /* StoreKit.framework */; };
		772D69251C2B16C600AA924C /* SystemConfiguration.framework in Frameworks */ = {isa = PBXBuildFile; fileRef = 772D69241C2B16C500AA924C /* SystemConfiguration.framework */; };
		772D69271C2B16CF00AA924C /* libz.tbd in Frameworks */ = {isa = PBXBuildFile; fileRef = 772D69261C2B16CF00AA924C /* libz.tbd */; };
		772D69291C2B16D800AA924C /* libsqlite3.tbd in Frameworks */ = {isa = PBXBuildFile; fileRef = 772D69281C2B16D800AA924C /* libsqlite3.tbd */; };
		7755F2701AB143980031F494 /* UserTableViewController.swift in Sources */ = {isa = PBXBuildFile; fileRef = 7755F26F1AB143980031F494 /* UserTableViewController.swift */; };
		776851EE1AADFDCE009E5B73 /* AppDelegate.swift in Sources */ = {isa = PBXBuildFile; fileRef = 776851ED1AADFDCE009E5B73 /* AppDelegate.swift */; };
		776851F01AADFDCE009E5B73 /* ViewController.swift in Sources */ = {isa = PBXBuildFile; fileRef = 776851EF1AADFDCE009E5B73 /* ViewController.swift */; };
		776851F31AADFDCE009E5B73 /* Main.storyboard in Resources */ = {isa = PBXBuildFile; fileRef = 776851F11AADFDCE009E5B73 /* Main.storyboard */; };
		776851F51AADFDCE009E5B73 /* Images.xcassets in Resources */ = {isa = PBXBuildFile; fileRef = 776851F41AADFDCE009E5B73 /* Images.xcassets */; };
		776851F81AADFDCE009E5B73 /* LaunchScreen.xib in Resources */ = {isa = PBXBuildFile; fileRef = 776851F61AADFDCE009E5B73 /* LaunchScreen.xib */; };
		776852041AADFDCE009E5B73 /* InstagramCloneTests.swift in Sources */ = {isa = PBXBuildFile; fileRef = 776852031AADFDCE009E5B73 /* InstagramCloneTests.swift */; };
		77CF1BCF1AB35DBC0005BA85 /* FeedTableViewController.swift in Sources */ = {isa = PBXBuildFile; fileRef = 77CF1BCE1AB35DBC0005BA85 /* FeedTableViewController.swift */; };
		77CF1BD11AB35F0D0005BA85 /* CellTableViewCell.swift in Sources */ = {isa = PBXBuildFile; fileRef = 77CF1BD01AB35F0D0005BA85 /* CellTableViewCell.swift */; };
/* End PBXBuildFile section */

/* Begin PBXContainerItemProxy section */
		776851FE1AADFDCE009E5B73 /* PBXContainerItemProxy */ = {
			isa = PBXContainerItemProxy;
			containerPortal = 776851E01AADFDCE009E5B73 /* Project object */;
			proxyType = 1;
			remoteGlobalIDString = 776851E71AADFDCE009E5B73;
			remoteInfo = InstagramClone;
		};
/* End PBXContainerItemProxy section */

/* Begin PBXFileReference section */
		7702BD181AAE196E002B6775 /* InstagramClone-Bridging-Header.h */ = {isa = PBXFileReference; lastKnownFileType = sourcecode.c.h; path = "InstagramClone-Bridging-Header.h"; sourceTree = "<group>"; };
		771D27391AB20B91008B2034 /* PostViewController.swift */ = {isa = PBXFileReference; fileEncoding = 4; lastKnownFileType = sourcecode.swift; path = PostViewController.swift; sourceTree = "<group>"; };
		772D69081C2B161A00AA924C /* Bolts.framework */ = {isa = PBXFileReference; lastKnownFileType = wrapper.framework; path = Bolts.framework; sourceTree = "<group>"; };
		772D69091C2B161A00AA924C /* Parse.framework */ = {isa = PBXFileReference; lastKnownFileType = wrapper.framework; path = Parse.framework; sourceTree = "<group>"; };
		772D690A1C2B161A00AA924C /* ParseFacebookUtils.framework */ = {isa = PBXFileReference; lastKnownFileType = wrapper.framework; path = ParseFacebookUtils.framework; sourceTree = "<group>"; };
		772D690B1C2B161A00AA924C /* ParseFacebookUtilsV4.framework */ = {isa = PBXFileReference; lastKnownFileType = wrapper.framework; path = ParseFacebookUtilsV4.framework; sourceTree = "<group>"; };
		772D690C1C2B161A00AA924C /* ParseTwitterUtils.framework */ = {isa = PBXFileReference; lastKnownFileType = wrapper.framework; path = ParseTwitterUtils.framework; sourceTree = "<group>"; };
		772D690D1C2B161A00AA924C /* ParseUI.framework */ = {isa = PBXFileReference; lastKnownFileType = wrapper.framework; path = ParseUI.framework; sourceTree = "<group>"; };
		772D69161C2B168E00AA924C /* AudioToolbox.framework */ = {isa = PBXFileReference; lastKnownFileType = wrapper.framework; name = AudioToolbox.framework; path = System/Library/Frameworks/AudioToolbox.framework; sourceTree = SDKROOT; };
		772D69181C2B169500AA924C /* CFNetwork.framework */ = {isa = PBXFileReference; lastKnownFileType = wrapper.framework; name = CFNetwork.framework; path = System/Library/Frameworks/CFNetwork.framework; sourceTree = SDKROOT; };
		772D691A1C2B169C00AA924C /* CoreGraphics.framework */ = {isa = PBXFileReference; lastKnownFileType = wrapper.framework; name = CoreGraphics.framework; path = System/Library/Frameworks/CoreGraphics.framework; sourceTree = SDKROOT; };
		772D691C1C2B16A300AA924C /* CoreLocation.framework */ = {isa = PBXFileReference; lastKnownFileType = wrapper.framework; name = CoreLocation.framework; path = System/Library/Frameworks/CoreLocation.framework; sourceTree = SDKROOT; };
		772D691E1C2B16AC00AA924C /* QuartzCore.framework */ = {isa = PBXFileReference; lastKnownFileType = wrapper.framework; name = QuartzCore.framework; path = System/Library/Frameworks/QuartzCore.framework; sourceTree = SDKROOT; };
		772D69201C2B16B300AA924C /* Security.framework */ = {isa = PBXFileReference; lastKnownFileType = wrapper.framework; name = Security.framework; path = System/Library/Frameworks/Security.framework; sourceTree = SDKROOT; };
		772D69221C2B16BB00AA924C /* StoreKit.framework */ = {isa = PBXFileReference; lastKnownFileType = wrapper.framework; name = StoreKit.framework; path = System/Library/Frameworks/StoreKit.framework; sourceTree = SDKROOT; };
		772D69241C2B16C500AA924C /* SystemConfiguration.framework */ = {isa = PBXFileReference; lastKnownFileType = wrapper.framework; name = SystemConfiguration.framework; path = System/Library/Frameworks/SystemConfiguration.framework; sourceTree = SDKROOT; };
		772D69261C2B16CF00AA924C /* libz.tbd */ = {isa = PBXFileReference; lastKnownFileType = "sourcecode.text-based-dylib-definition"; name = libz.tbd; path = usr/lib/libz.tbd; sourceTree = SDKROOT; };
		772D69281C2B16D800AA924C /* libsqlite3.tbd */ = {isa = PBXFileReference; lastKnownFileType = "sourcecode.text-based-dylib-definition"; name = libsqlite3.tbd; path = usr/lib/libsqlite3.tbd; sourceTree = SDKROOT; };
		7755F26F1AB143980031F494 /* UserTableViewController.swift */ = {isa = PBXFileReference; fileEncoding = 4; lastKnownFileType = sourcecode.swift; path = UserTableViewController.swift; sourceTree = "<group>"; };
		776851E81AADFDCE009E5B73 /* InstagramClone.app */ = {isa = PBXFileReference; explicitFileType = wrapper.application; includeInIndex = 0; path = InstagramClone.app; sourceTree = BUILT_PRODUCTS_DIR; };
		776851EC1AADFDCE009E5B73 /* Info.plist */ = {isa = PBXFileReference; lastKnownFileType = text.plist.xml; path = Info.plist; sourceTree = "<group>"; };
		776851ED1AADFDCE009E5B73 /* AppDelegate.swift */ = {isa = PBXFileReference; lastKnownFileType = sourcecode.swift; path = AppDelegate.swift; sourceTree = "<group>"; };
		776851EF1AADFDCE009E5B73 /* ViewController.swift */ = {isa = PBXFileReference; lastKnownFileType = sourcecode.swift; path = ViewController.swift; sourceTree = "<group>"; };
		776851F21AADFDCE009E5B73 /* Base */ = {isa = PBXFileReference; lastKnownFileType = file.storyboard; name = Base; path = Base.lproj/Main.storyboard; sourceTree = "<group>"; };
		776851F41AADFDCE009E5B73 /* Images.xcassets */ = {isa = PBXFileReference; lastKnownFileType = folder.assetcatalog; path = Images.xcassets; sourceTree = "<group>"; };
		776851F71AADFDCE009E5B73 /* Base */ = {isa = PBXFileReference; lastKnownFileType = file.xib; name = Base; path = Base.lproj/LaunchScreen.xib; sourceTree = "<group>"; };
		776851FD1AADFDCE009E5B73 /* InstagramCloneTests.xctest */ = {isa = PBXFileReference; explicitFileType = wrapper.cfbundle; includeInIndex = 0; path = InstagramCloneTests.xctest; sourceTree = BUILT_PRODUCTS_DIR; };
		776852021AADFDCE009E5B73 /* Info.plist */ = {isa = PBXFileReference; lastKnownFileType = text.plist.xml; path = Info.plist; sourceTree = "<group>"; };
		776852031AADFDCE009E5B73 /* InstagramCloneTests.swift */ = {isa = PBXFileReference; lastKnownFileType = sourcecode.swift; path = InstagramCloneTests.swift; sourceTree = "<group>"; };
		77CF1BCE1AB35DBC0005BA85 /* FeedTableViewController.swift */ = {isa = PBXFileReference; fileEncoding = 4; lastKnownFileType = sourcecode.swift; path = FeedTableViewController.swift; sourceTree = "<group>"; };
		77CF1BD01AB35F0D0005BA85 /* CellTableViewCell.swift */ = {isa = PBXFileReference; fileEncoding = 4; lastKnownFileType = sourcecode.swift; path = CellTableViewCell.swift; sourceTree = "<group>"; };
/* End PBXFileReference section */

/* Begin PBXFrameworksBuildPhase section */
		776851E51AADFDCE009E5B73 /* Frameworks */ = {
			isa = PBXFrameworksBuildPhase;
			buildActionMask = 2147483647;
			files = (
				772D69291C2B16D800AA924C /* libsqlite3.tbd in Frameworks */,
				772D69271C2B16CF00AA924C /* libz.tbd in Frameworks */,
				772D69251C2B16C600AA924C /* SystemConfiguration.framework in Frameworks */,
				772D69231C2B16BB00AA924C /* StoreKit.framework in Frameworks */,
				772D69211C2B16B300AA924C /* Security.framework in Frameworks */,
				772D691F1C2B16AC00AA924C /* QuartzCore.framework in Frameworks */,
				772D691D1C2B16A300AA924C /* CoreLocation.framework in Frameworks */,
				772D691B1C2B169C00AA924C /* CoreGraphics.framework in Frameworks */,
				772D69191C2B169500AA924C /* CFNetwork.framework in Frameworks */,
				772D69171C2B168E00AA924C /* AudioToolbox.framework in Frameworks */,
				772D69131C2B161B00AA924C /* ParseUI.framework in Frameworks */,
				772D690F1C2B161B00AA924C /* Parse.framework in Frameworks */,
				772D690E1C2B161A00AA924C /* Bolts.framework in Frameworks */,
				772D69111C2B161B00AA924C /* ParseFacebookUtilsV4.framework in Frameworks */,
				772D69101C2B161B00AA924C /* ParseFacebookUtils.framework in Frameworks */,
				772D69121C2B161B00AA924C /* ParseTwitterUtils.framework in Frameworks */,
			);
			runOnlyForDeploymentPostprocessing = 0;
		};
		776851FA1AADFDCE009E5B73 /* Frameworks */ = {
			isa = PBXFrameworksBuildPhase;
			buildActionMask = 2147483647;
			files = (
			);
			runOnlyForDeploymentPostprocessing = 0;
		};
/* End PBXFrameworksBuildPhase section */

/* Begin PBXGroup section */
		772D69141C2B162000AA924C /* Frameworks */ = {
			isa = PBXGroup;
			children = (
				772D692A1C2B16FA00AA924C /* Parse */,
				772D69151C2B162E00AA924C /* System Frameworks */,
			);
			name = Frameworks;
			sourceTree = "<group>";
		};
		772D69151C2B162E00AA924C /* System Frameworks */ = {
			isa = PBXGroup;
			children = (
				772D69281C2B16D800AA924C /* libsqlite3.tbd */,
				772D69261C2B16CF00AA924C /* libz.tbd */,
				772D69241C2B16C500AA924C /* SystemConfiguration.framework */,
				772D69221C2B16BB00AA924C /* StoreKit.framework */,
				772D69201C2B16B300AA924C /* Security.framework */,
				772D691E1C2B16AC00AA924C /* QuartzCore.framework */,
				772D691C1C2B16A300AA924C /* CoreLocation.framework */,
				772D691A1C2B169C00AA924C /* CoreGraphics.framework */,
				772D69181C2B169500AA924C /* CFNetwork.framework */,
				772D69161C2B168E00AA924C /* AudioToolbox.framework */,
			);
			name = "System Frameworks";
			sourceTree = "<group>";
		};
		772D692A1C2B16FA00AA924C /* Parse */ = {
			isa = PBXGroup;
			children = (
				772D69081C2B161A00AA924C /* Bolts.framework */,
				772D69091C2B161A00AA924C /* Parse.framework */,
				772D690A1C2B161A00AA924C /* ParseFacebookUtils.framework */,
				772D690B1C2B161A00AA924C /* ParseFacebookUtilsV4.framework */,
				772D690C1C2B161A00AA924C /* ParseTwitterUtils.framework */,
				772D690D1C2B161A00AA924C /* ParseUI.framework */,
			);
			name = Parse;
			sourceTree = "<group>";
		};
		776851DF1AADFDCE009E5B73 = {
			isa = PBXGroup;
			children = (
				776851EA1AADFDCE009E5B73 /* InstagramClone */,
				772D69141C2B162000AA924C /* Frameworks */,
				776852001AADFDCE009E5B73 /* InstagramCloneTests */,
				776851E91AADFDCE009E5B73 /* Products */,
			);
			sourceTree = "<group>";
		};
		776851E91AADFDCE009E5B73 /* Products */ = {
			isa = PBXGroup;
			children = (
				776851E81AADFDCE009E5B73 /* InstagramClone.app */,
				776851FD1AADFDCE009E5B73 /* InstagramCloneTests.xctest */,
			);
			name = Products;
			sourceTree = "<group>";
		};
		776851EA1AADFDCE009E5B73 /* InstagramClone */ = {
			isa = PBXGroup;
			children = (
				776851F11AADFDCE009E5B73 /* Main.storyboard */,
				776851ED1AADFDCE009E5B73 /* AppDelegate.swift */,
				776851EF1AADFDCE009E5B73 /* ViewController.swift */,
				7755F26F1AB143980031F494 /* UserTableViewController.swift */,
				771D27391AB20B91008B2034 /* PostViewController.swift */,
				77CF1BCE1AB35DBC0005BA85 /* FeedTableViewController.swift */,
				77CF1BD01AB35F0D0005BA85 /* CellTableViewCell.swift */,
				776851F41AADFDCE009E5B73 /* Images.xcassets */,
				776851F61AADFDCE009E5B73 /* LaunchScreen.xib */,
				776851EB1AADFDCE009E5B73 /* Supporting Files */,
				7702BD181AAE196E002B6775 /* InstagramClone-Bridging-Header.h */,
			);
			path = InstagramClone;
			sourceTree = "<group>";
		};
		776851EB1AADFDCE009E5B73 /* Supporting Files */ = {
			isa = PBXGroup;
			children = (
				776851EC1AADFDCE009E5B73 /* Info.plist */,
			);
			name = "Supporting Files";
			sourceTree = "<group>";
		};
		776852001AADFDCE009E5B73 /* InstagramCloneTests */ = {
			isa = PBXGroup;
			children = (
				776852031AADFDCE009E5B73 /* InstagramCloneTests.swift */,
				776852011AADFDCE009E5B73 /* Supporting Files */,
			);
			path = InstagramCloneTests;
			sourceTree = "<group>";
		};
		776852011AADFDCE009E5B73 /* Supporting Files */ = {
			isa = PBXGroup;
			children = (
				776852021AADFDCE009E5B73 /* Info.plist */,
			);
			name = "Supporting Files";
			sourceTree = "<group>";
		};
/* End PBXGroup section */

/* Begin PBXNativeTarget section */
		776851E71AADFDCE009E5B73 /* InstagramClone */ = {
			isa = PBXNativeTarget;
			buildConfigurationList = 776852071AADFDCE009E5B73 /* Build configuration list for PBXNativeTarget "InstagramClone" */;
			buildPhases = (
				776851E41AADFDCE009E5B73 /* Sources */,
				776851E51AADFDCE009E5B73 /* Frameworks */,
				776851E61AADFDCE009E5B73 /* Resources */,
			);
			buildRules = (
			);
			dependencies = (
			);
			name = InstagramClone;
			productName = InstagramClone;
			productReference = 776851E81AADFDCE009E5B73 /* InstagramClone.app */;
			productType = "com.apple.product-type.application";
		};
		776851FC1AADFDCE009E5B73 /* InstagramCloneTests */ = {
			isa = PBXNativeTarget;
			buildConfigurationList = 7768520A1AADFDCE009E5B73 /* Build configuration list for PBXNativeTarget "InstagramCloneTests" */;
			buildPhases = (
				776851F91AADFDCE009E5B73 /* Sources */,
				776851FA1AADFDCE009E5B73 /* Frameworks */,
				776851FB1AADFDCE009E5B73 /* Resources */,
			);
			buildRules = (
			);
			dependencies = (
				776851FF1AADFDCE009E5B73 /* PBXTargetDependency */,
			);
			name = InstagramCloneTests;
			productName = InstagramCloneTests;
			productReference = 776851FD1AADFDCE009E5B73 /* InstagramCloneTests.xctest */;
			productType = "com.apple.product-type.bundle.unit-test";
		};
/* End PBXNativeTarget section */

/* Begin PBXProject section */
		776851E01AADFDCE009E5B73 /* Project object */ = {
			isa = PBXProject;
			attributes = {
				LastSwiftMigration = 0720;
				LastSwiftUpdateCheck = 0720;
				LastUpgradeCheck = 0720;
				ORGANIZATIONNAME = "Rommel Rico";
				TargetAttributes = {
					776851E71AADFDCE009E5B73 = {
						CreatedOnToolsVersion = 6.1.1;
					};
					776851FC1AADFDCE009E5B73 = {
						CreatedOnToolsVersion = 6.1.1;
						TestTargetID = 776851E71AADFDCE009E5B73;
					};
				};
			};
			buildConfigurationList = 776851E31AADFDCE009E5B73 /* Build configuration list for PBXProject "InstagramClone" */;
			compatibilityVersion = "Xcode 3.2";
			developmentRegion = English;
			hasScannedForEncodings = 0;
			knownRegions = (
				en,
				Base,
			);
			mainGroup = 776851DF1AADFDCE009E5B73;
			productRefGroup = 776851E91AADFDCE009E5B73 /* Products */;
			projectDirPath = "";
			projectRoot = "";
			targets = (
				776851E71AADFDCE009E5B73 /* InstagramClone */,
				776851FC1AADFDCE009E5B73 /* InstagramCloneTests */,
			);
		};
/* End PBXProject section */

/* Begin PBXResourcesBuildPhase section */
		776851E61AADFDCE009E5B73 /* Resources */ = {
			isa = PBXResourcesBuildPhase;
			buildActionMask = 2147483647;
			files = (
				776851F31AADFDCE009E5B73 /* Main.storyboard in Resources */,
				776851F81AADFDCE009E5B73 /* LaunchScreen.xib in Resources */,
				776851F51AADFDCE009E5B73 /* Images.xcassets in Resources */,
			);
			runOnlyForDeploymentPostprocessing = 0;
		};
		776851FB1AADFDCE009E5B73 /* Resources */ = {
			isa = PBXResourcesBuildPhase;
			buildActionMask = 2147483647;
			files = (
			);
			runOnlyForDeploymentPostprocessing = 0;
		};
/* End PBXResourcesBuildPhase section */

/* Begin PBXSourcesBuildPhase section */
		776851E41AADFDCE009E5B73 /* Sources */ = {
			isa = PBXSourcesBuildPhase;
			buildActionMask = 2147483647;
			files = (
				771D273A1AB20B91008B2034 /* PostViewController.swift in Sources */,
				776851F01AADFDCE009E5B73 /* ViewController.swift in Sources */,
				77CF1BCF1AB35DBC0005BA85 /* FeedTableViewController.swift in Sources */,
				77CF1BD11AB35F0D0005BA85 /* CellTableViewCell.swift in Sources */,
				7755F2701AB143980031F494 /* UserTableViewController.swift in Sources */,
				776851EE1AADFDCE009E5B73 /* AppDelegate.swift in Sources */,
			);
			runOnlyForDeploymentPostprocessing = 0;
		};
		776851F91AADFDCE009E5B73 /* Sources */ = {
			isa = PBXSourcesBuildPhase;
			buildActionMask = 2147483647;
			files = (
				776852041AADFDCE009E5B73 /* InstagramCloneTests.swift in Sources */,
			);
			runOnlyForDeploymentPostprocessing = 0;
		};
/* End PBXSourcesBuildPhase section */

/* Begin PBXTargetDependency section */
		776851FF1AADFDCE009E5B73 /* PBXTargetDependency */ = {
			isa = PBXTargetDependency;
			target = 776851E71AADFDCE009E5B73 /* InstagramClone */;
			targetProxy = 776851FE1AADFDCE009E5B73 /* PBXContainerItemProxy */;
		};
/* End PBXTargetDependency section */

/* Begin PBXVariantGroup section */
		776851F11AADFDCE009E5B73 /* Main.storyboard */ = {
			isa = PBXVariantGroup;
			children = (
				776851F21AADFDCE009E5B73 /* Base */,
			);
			name = Main.storyboard;
			sourceTree = "<group>";
		};
		776851F61AADFDCE009E5B73 /* LaunchScreen.xib */ = {
			isa = PBXVariantGroup;
			children = (
				776851F71AADFDCE009E5B73 /* Base */,
			);
			name = LaunchScreen.xib;
			sourceTree = "<group>";
		};
/* End PBXVariantGroup section */

/* Begin XCBuildConfiguration section */
		776852051AADFDCE009E5B73 /* Debug */ = {
			isa = XCBuildConfiguration;
			buildSettings = {
				ALWAYS_SEARCH_USER_PATHS = NO;
				CLANG_CXX_LANGUAGE_STANDARD = "gnu++0x";
				CLANG_CXX_LIBRARY = "libc++";
				CLANG_ENABLE_MODULES = YES;
				CLANG_ENABLE_OBJC_ARC = YES;
				CLANG_WARN_BOOL_CONVERSION = YES;
				CLANG_WARN_CONSTANT_CONVERSION = YES;
				CLANG_WARN_DIRECT_OBJC_ISA_USAGE = YES_ERROR;
				CLANG_WARN_EMPTY_BODY = YES;
				CLANG_WARN_ENUM_CONVERSION = YES;
				CLANG_WARN_INT_CONVERSION = YES;
				CLANG_WARN_OBJC_ROOT_CLASS = YES_ERROR;
				CLANG_WARN_UNREACHABLE_CODE = YES;
				CLANG_WARN__DUPLICATE_METHOD_MATCH = YES;
				"CODE_SIGN_IDENTITY[sdk=iphoneos*]" = "iPhone Developer";
				COPY_PHASE_STRIP = NO;
				ENABLE_STRICT_OBJC_MSGSEND = YES;
				ENABLE_TESTABILITY = YES;
				GCC_C_LANGUAGE_STANDARD = gnu99;
				GCC_DYNAMIC_NO_PIC = NO;
				GCC_OPTIMIZATION_LEVEL = 0;
				GCC_PREPROCESSOR_DEFINITIONS = (
					"DEBUG=1",
					"$(inherited)",
				);
				GCC_SYMBOLS_PRIVATE_EXTERN = NO;
				GCC_WARN_64_TO_32_BIT_CONVERSION = YES;
				GCC_WARN_ABOUT_RETURN_TYPE = YES_ERROR;
				GCC_WARN_UNDECLARED_SELECTOR = YES;
				GCC_WARN_UNINITIALIZED_AUTOS = YES_AGGRESSIVE;
				GCC_WARN_UNUSED_FUNCTION = YES;
				GCC_WARN_UNUSED_VARIABLE = YES;
				IPHONEOS_DEPLOYMENT_TARGET = 8.1;
				MTL_ENABLE_DEBUG_INFO = YES;
				ONLY_ACTIVE_ARCH = YES;
				SDKROOT = iphoneos;
				SWIFT_OPTIMIZATION_LEVEL = "-Onone";
				TARGETED_DEVICE_FAMILY = "1,2";
			};
			name = Debug;
		};
		776852061AADFDCE009E5B73 /* Release */ = {
			isa = XCBuildConfiguration;
			buildSettings = {
				ALWAYS_SEARCH_USER_PATHS = NO;
				CLANG_CXX_LANGUAGE_STANDARD = "gnu++0x";
				CLANG_CXX_LIBRARY = "libc++";
				CLANG_ENABLE_MODULES = YES;
				CLANG_ENABLE_OBJC_ARC = YES;
				CLANG_WARN_BOOL_CONVERSION = YES;
				CLANG_WARN_CONSTANT_CONVERSION = YES;
				CLANG_WARN_DIRECT_OBJC_ISA_USAGE = YES_ERROR;
				CLANG_WARN_EMPTY_BODY = YES;
				CLANG_WARN_ENUM_CONVERSION = YES;
				CLANG_WARN_INT_CONVERSION = YES;
				CLANG_WARN_OBJC_ROOT_CLASS = YES_ERROR;
				CLANG_WARN_UNREACHABLE_CODE = YES;
				CLANG_WARN__DUPLICATE_METHOD_MATCH = YES;
				"CODE_SIGN_IDENTITY[sdk=iphoneos*]" = "iPhone Developer";
				COPY_PHASE_STRIP = YES;
				ENABLE_NS_ASSERTIONS = NO;
				ENABLE_STRICT_OBJC_MSGSEND = YES;
				GCC_C_LANGUAGE_STANDARD = gnu99;
				GCC_WARN_64_TO_32_BIT_CONVERSION = YES;
				GCC_WARN_ABOUT_RETURN_TYPE = YES_ERROR;
				GCC_WARN_UNDECLARED_SELECTOR = YES;
				GCC_WARN_UNINITIALIZED_AUTOS = YES_AGGRESSIVE;
				GCC_WARN_UNUSED_FUNCTION = YES;
				GCC_WARN_UNUSED_VARIABLE = YES;
				IPHONEOS_DEPLOYMENT_TARGET = 8.1;
				MTL_ENABLE_DEBUG_INFO = NO;
				SDKROOT = iphoneos;
				TARGETED_DEVICE_FAMILY = "1,2";
				VALIDATE_PRODUCT = YES;
			};
			name = Release;
		};
		776852081AADFDCE009E5B73 /* Debug */ = {
			isa = XCBuildConfiguration;
			buildSettings = {
				ASSETCATALOG_COMPILER_APPICON_NAME = AppIcon;
				CLANG_ENABLE_MODULES = YES;
				FRAMEWORK_SEARCH_PATHS = (
					"$(inherited)",
					"$(PROJECT_DIR)",
				);
				INFOPLIST_FILE = InstagramClone/Info.plist;
				LD_RUNPATH_SEARCH_PATHS = "$(inherited) @executable_path/Frameworks";
				PRODUCT_BUNDLE_IDENTIFIER = "com.rommelrico.$(PRODUCT_NAME:rfc1034identifier)";
				PRODUCT_NAME = "$(TARGET_NAME)";
				SWIFT_OBJC_BRIDGING_HEADER = "InstagramClone/InstagramClone-Bridging-Header.h";
				SWIFT_OPTIMIZATION_LEVEL = "-Onone";
			};
			name = Debug;
		};
		776852091AADFDCE009E5B73 /* Release */ = {
			isa = XCBuildConfiguration;
			buildSettings = {
				ASSETCATALOG_COMPILER_APPICON_NAME = AppIcon;
				CLANG_ENABLE_MODULES = YES;
				FRAMEWORK_SEARCH_PATHS = (
					"$(inherited)",
					"$(PROJECT_DIR)",
				);
				INFOPLIST_FILE = InstagramClone/Info.plist;
				LD_RUNPATH_SEARCH_PATHS = "$(inherited) @executable_path/Frameworks";
				PRODUCT_BUNDLE_IDENTIFIER = "com.rommelrico.$(PRODUCT_NAME:rfc1034identifier)";
				PRODUCT_NAME = "$(TARGET_NAME)";
				SWIFT_OBJC_BRIDGING_HEADER = "InstagramClone/InstagramClone-Bridging-Header.h";
			};
			name = Release;
		};
		7768520B1AADFDCE009E5B73 /* Debug */ = {
			isa = XCBuildConfiguration;
			buildSettings = {
				BUNDLE_LOADER = "$(TEST_HOST)";
				FRAMEWORK_SEARCH_PATHS = (
					"$(SDKROOT)/Developer/Library/Frameworks",
					"$(inherited)",
				);
				GCC_PREPROCESSOR_DEFINITIONS = (
					"DEBUG=1",
					"$(inherited)",
				);
				INFOPLIST_FILE = InstagramCloneTests/Info.plist;
				LD_RUNPATH_SEARCH_PATHS = "$(inherited) @executable_path/Frameworks @loader_path/Frameworks";
				PRODUCT_BUNDLE_IDENTIFIER = "com.rommelrico.$(PRODUCT_NAME:rfc1034identifier)";
				PRODUCT_NAME = "$(TARGET_NAME)";
				TEST_HOST = "$(BUILT_PRODUCTS_DIR)/InstagramClone.app/InstagramClone";
			};
			name = Debug;
		};
		7768520C1AADFDCE009E5B73 /* Release */ = {
			isa = XCBuildConfiguration;
			buildSettings = {
				BUNDLE_LOADER = "$(TEST_HOST)";
				FRAMEWORK_SEARCH_PATHS = (
					"$(SDKROOT)/Developer/Library/Frameworks",
					"$(inherited)",
				);
				INFOPLIST_FILE = InstagramCloneTests/Info.plist;
				LD_RUNPATH_SEARCH_PATHS = "$(inherited) @executable_path/Frameworks @loader_path/Frameworks";
				PRODUCT_BUNDLE_IDENTIFIER = "com.rommelrico.$(PRODUCT_NAME:rfc1034identifier)";
				PRODUCT_NAME = "$(TARGET_NAME)";
				TEST_HOST = "$(BUILT_PRODUCTS_DIR)/InstagramClone.app/InstagramClone";
			};
			name = Release;
		};
/* End XCBuildConfiguration section */

/* Begin XCConfigurationList section */
		776851E31AADFDCE009E5B73 /* Build configuration list for PBXProject "InstagramClone" */ = {
			isa = XCConfigurationList;
			buildConfigurations = (
				776852051AADFDCE009E5B73 /* Debug */,
				776852061AADFDCE009E5B73 /* Release */,
			);
			defaultConfigurationIsVisible = 0;
			defaultConfigurationName = Release;
		};
		776852071AADFDCE009E5B73 /* Build configuration list for PBXNativeTarget "InstagramClone" */ = {
			isa = XCConfigurationList;
			buildConfigurations = (
				776852081AADFDCE009E5B73 /* Debug */,
				776852091AADFDCE009E5B73 /* Release */,
			);
			defaultConfigurationIsVisible = 0;
			defaultConfigurationName = Release;
		};
		7768520A1AADFDCE009E5B73 /* Build configuration list for PBXNativeTarget "InstagramCloneTests" */ = {
			isa = XCConfigurationList;
			buildConfigurations = (
				7768520B1AADFDCE009E5B73 /* Debug */,
				7768520C1AADFDCE009E5B73 /* Release */,
			);
			defaultConfigurationIsVisible = 0;
			defaultConfigurationName = Release;
		};
/* End XCConfigurationList section */
	};
	rootObject = 776851E01AADFDCE009E5B73 /* Project object */;
}
